
Microsoft Visual Studio Solution File, Format Version 12.00
Project("{FAE04EC0-301F-11D3-BF4B-00C04F79EFBC}") = "Day3", "Day3\Day3.csproj", "{A2AAA069-7616-4B8C-85B5-50F5B257C44D}"
EndProject
Project("{FAE04EC0-301F-11D3-BF4B-00C04F79EFBC}") = "Day4", "Day4\Day4.csproj", "{FE5E3A1C-FDE3-46E1-AFFE-024ED5D0E778}"
EndProject
Project("{FAE04EC0-301F-11D3-BF4B-00C04F79EFBC}") = "AdventOfCode", "AdventOfCode\AdventOfCode.csproj", "{70AC0F05-82A4-46D5-B925-14AF07C9B420}"
EndProject
Project("{FAE04EC0-301F-11D3-BF4B-00C04F79EFBC}") = "Day1", "Day1\Day1.csproj", "{2B83CDFF-F0AA-4937-AB5E-5DCA71ED5A22}"
EndProject
Project("{FAE04EC0-301F-11D3-BF4B-00C04F79EFBC}") = "Day5", "Day5\Day5.csproj", "{3BEB0C8C-FFB3-4FF5-8D87-25B526A7F7C2}"
EndProject
Global
	GlobalSection(SolutionConfigurationPlatforms) = preSolution
		Debug|Any CPU = Debug|Any CPU
		Release|Any CPU = Release|Any CPU
	EndGlobalSection
	GlobalSection(ProjectConfigurationPlatforms) = postSolution
		{A2AAA069-7616-4B8C-85B5-50F5B257C44D}.Debug|Any CPU.ActiveCfg = Debug|Any CPU
		{A2AAA069-7616-4B8C-85B5-50F5B257C44D}.Debug|Any CPU.Build.0 = Debug|Any CPU
		{A2AAA069-7616-4B8C-85B5-50F5B257C44D}.Release|Any CPU.ActiveCfg = Release|Any CPU
		{A2AAA069-7616-4B8C-85B5-50F5B257C44D}.Release|Any CPU.Build.0 = Release|Any CPU
		{FE5E3A1C-FDE3-46E1-AFFE-024ED5D0E778}.Debug|Any CPU.ActiveCfg = Debug|Any CPU
		{FE5E3A1C-FDE3-46E1-AFFE-024ED5D0E778}.Debug|Any CPU.Build.0 = Debug|Any CPU
		{FE5E3A1C-FDE3-46E1-AFFE-024ED5D0E778}.Release|Any CPU.ActiveCfg = Release|Any CPU
		{FE5E3A1C-FDE3-46E1-AFFE-024ED5D0E778}.Release|Any CPU.Build.0 = Release|Any CPU
		{70AC0F05-82A4-46D5-B925-14AF07C9B420}.Debug|Any CPU.ActiveCfg = Debug|Any CPU
		{70AC0F05-82A4-46D5-B925-14AF07C9B420}.Debug|Any CPU.Build.0 = Debug|Any CPU
		{70AC0F05-82A4-46D5-B925-14AF07C9B420}.Release|Any CPU.ActiveCfg = Release|Any CPU
		{70AC0F05-82A4-46D5-B925-14AF07C9B420}.Release|Any CPU.Build.0 = Release|Any CPU
		{2B83CDFF-F0AA-4937-AB5E-5DCA71ED5A22}.Debug|Any CPU.ActiveCfg = Debug|Any CPU
		{2B83CDFF-F0AA-4937-AB5E-5DCA71ED5A22}.Debug|Any CPU.Build.0 = Debug|Any CPU
		{2B83CDFF-F0AA-4937-AB5E-5DCA71ED5A22}.Release|Any CPU.ActiveCfg = Release|Any CPU
		{2B83CDFF-F0AA-4937-AB5E-5DCA71ED5A22}.Release|Any CPU.Build.0 = Release|Any CPU
		{3BEB0C8C-FFB3-4FF5-8D87-25B526A7F7C2}.Debug|Any CPU.ActiveCfg = Debug|Any CPU
		{3BEB0C8C-FFB3-4FF5-8D87-25B526A7F7C2}.Debug|Any CPU.Build.0 = Debug|Any CPU
		{3BEB0C8C-FFB3-4FF5-8D87-25B526A7F7C2}.Release|Any CPU.ActiveCfg = Release|Any CPU
		{3BEB0C8C-FFB3-4FF5-8D87-25B526A7F7C2}.Release|Any CPU.Build.0 = Release|Any CPU
	EndGlobalSection
EndGlobal
